// !$*UTF8*$!
{
	archiveVersion = 1;
	classes = {
	};
	objectVersion = 77;
	objects = {

/* Begin PBXBuildFile section */
		CBEC95882DB1064A00C0B28E /* SplashVC.swift in Sources */ = {isa = PBXBuildFile; fileRef = CBEC957B2DB1064A00C0B28E /* SplashVC.swift */; };
		CBEC95892DB1064A00C0B28E /* AppDelegate.swift in Sources */ = {isa = PBXBuildFile; fileRef = CBEC95822DB1064A00C0B28E /* AppDelegate.swift */; };
		CBEC958A2DB1064A00C0B28E /* Main.storyboard in Resources */ = {isa = PBXBuildFile; fileRef = CBEC957E2DB1064A00C0B28E /* Main.storyboard */; };
		CBEC958B2DB1064A00C0B28E /* Assets.xcassets in Resources */ = {isa = PBXBuildFile; fileRef = CBEC95832DB1064A00C0B28E /* Assets.xcassets */; };
		CBEC958D2DB1064A00C0B28E /* LaunchScreen.storyboard in Resources */ = {isa = PBXBuildFile; fileRef = CBEC95862DB1064A00C0B28E /* LaunchScreen.storyboard */; };
		CBEC95942DB1066700C0B28E /* Extensions.swift in Sources */ = {isa = PBXBuildFile; fileRef = CBEC95922DB1066700C0B28E /* Extensions.swift */; };
		CBEC95A62DB10A9D00C0B28E /* Alamofire in Frameworks */ = {isa = PBXBuildFile; productRef = CBEC95A52DB10A9D00C0B28E /* Alamofire */; };
		CBEC95AA2DB10E8300C0B28E /* NetworkManager.swift in Sources */ = {isa = PBXBuildFile; fileRef = CBEC95A72DB10E8300C0B28E /* NetworkManager.swift */; };
		CBEC95AC2DB10F2000C0B28E /* AppSecrets.swift in Sources */ = {isa = PBXBuildFile; fileRef = CBEC95AB2DB10F1400C0B28E /* AppSecrets.swift */; };
		CBEC95AE2DB1103600C0B28E /* Constants.swift in Sources */ = {isa = PBXBuildFile; fileRef = CBEC95AD2DB1103400C0B28E /* Constants.swift */; };
		CBEC95B02DB111A800C0B28E /* CitiesVC.swift in Sources */ = {isa = PBXBuildFile; fileRef = CBEC95AF2DB111A800C0B28E /* CitiesVC.swift */; };
		CBEC95B42DB11A2300C0B28E /* CitiesTVCell.xib in Resources */ = {isa = PBXBuildFile; fileRef = CBEC95B32DB11A2300C0B28E /* CitiesTVCell.xib */; };
		CBEC95B52DB11A2300C0B28E /* CitiesTVCell.swift in Sources */ = {isa = PBXBuildFile; fileRef = CBEC95B22DB11A2300C0B28E /* CitiesTVCell.swift */; };
		CBEC95B72DB11BB800C0B28E /* SearchVC.swift in Sources */ = {isa = PBXBuildFile; fileRef = CBEC95B62DB11BB800C0B28E /* SearchVC.swift */; };
		CBEC95BA2DB1216100C0B28E /* RxCocoa in Frameworks */ = {isa = PBXBuildFile; productRef = CBEC95B92DB1216100C0B28E /* RxCocoa */; };
		CBEC95BC2DB1216100C0B28E /* RxSwift in Frameworks */ = {isa = PBXBuildFile; productRef = CBEC95BB2DB1216100C0B28E /* RxSwift */; };
		CBEC95BF2DB1259600C0B28E /* IQKeyboardManagerSwift in Frameworks */ = {isa = PBXBuildFile; productRef = CBEC95BE2DB1259600C0B28E /* IQKeyboardManagerSwift */; };
		CBEC95C42DB1277400C0B28E /* Weather.swift in Sources */ = {isa = PBXBuildFile; fileRef = CBEC95C32DB1276F00C0B28E /* Weather.swift */; };
		CBEC95C72DB128E400C0B28E /* WeatherService.swift in Sources */ = {isa = PBXBuildFile; fileRef = CBEC95C62DB128DE00C0B28E /* WeatherService.swift */; };
		CBEC95CA2DB12A6B00C0B28E /* WeatherViewModel.swift in Sources */ = {isa = PBXBuildFile; fileRef = CBEC95C92DB12A6600C0B28E /* WeatherViewModel.swift */; };
		CBEC95CC2DB1305700C0B28E /* GenericModel.swift in Sources */ = {isa = PBXBuildFile; fileRef = CBEC95CB2DB1305400C0B28E /* GenericModel.swift */; };
/* End PBXBuildFile section */

/* Begin PBXContainerItemProxy section */
		CBEC95452DB100CD00C0B28E /* PBXContainerItemProxy */ = {
			isa = PBXContainerItemProxy;
			containerPortal = CBEC95262DB100CB00C0B28E /* Project object */;
			proxyType = 1;
			remoteGlobalIDString = CBEC952D2DB100CB00C0B28E;
			remoteInfo = "PlanRadar Task";
		};
		CBEC954F2DB100CD00C0B28E /* PBXContainerItemProxy */ = {
			isa = PBXContainerItemProxy;
			containerPortal = CBEC95262DB100CB00C0B28E /* Project object */;
			proxyType = 1;
			remoteGlobalIDString = CBEC952D2DB100CB00C0B28E;
			remoteInfo = "PlanRadar Task";
		};
/* End PBXContainerItemProxy section */

/* Begin PBXFileReference section */
		CBEC952E2DB100CB00C0B28E /* PlanRadar Task.app */ = {isa = PBXFileReference; explicitFileType = wrapper.application; includeInIndex = 0; path = "PlanRadar Task.app"; sourceTree = BUILT_PRODUCTS_DIR; };
		CBEC95442DB100CD00C0B28E /* PlanRadar TaskTests.xctest */ = {isa = PBXFileReference; explicitFileType = wrapper.cfbundle; includeInIndex = 0; path = "PlanRadar TaskTests.xctest"; sourceTree = BUILT_PRODUCTS_DIR; };
		CBEC954E2DB100CD00C0B28E /* PlanRadar TaskUITests.xctest */ = {isa = PBXFileReference; explicitFileType = wrapper.cfbundle; includeInIndex = 0; path = "PlanRadar TaskUITests.xctest"; sourceTree = BUILT_PRODUCTS_DIR; };
		CBEC957B2DB1064A00C0B28E /* SplashVC.swift */ = {isa = PBXFileReference; lastKnownFileType = sourcecode.swift; path = SplashVC.swift; sourceTree = "<group>"; };
		CBEC957D2DB1064A00C0B28E /* Base */ = {isa = PBXFileReference; lastKnownFileType = file.storyboard; name = Base; path = Base.lproj/Main.storyboard; sourceTree = "<group>"; };
		CBEC95822DB1064A00C0B28E /* AppDelegate.swift */ = {isa = PBXFileReference; lastKnownFileType = sourcecode.swift; path = AppDelegate.swift; sourceTree = "<group>"; };
		CBEC95832DB1064A00C0B28E /* Assets.xcassets */ = {isa = PBXFileReference; lastKnownFileType = folder.assetcatalog; path = Assets.xcassets; sourceTree = "<group>"; };
		CBEC95842DB1064A00C0B28E /* Info.plist */ = {isa = PBXFileReference; lastKnownFileType = text.plist.xml; path = Info.plist; sourceTree = "<group>"; };
		CBEC95852DB1064A00C0B28E /* Base */ = {isa = PBXFileReference; lastKnownFileType = file.storyboard; name = Base; path = Base.lproj/LaunchScreen.storyboard; sourceTree = "<group>"; };
		CBEC95922DB1066700C0B28E /* Extensions.swift */ = {isa = PBXFileReference; lastKnownFileType = sourcecode.swift; path = Extensions.swift; sourceTree = "<group>"; };
		CBEC95A72DB10E8300C0B28E /* NetworkManager.swift */ = {isa = PBXFileReference; lastKnownFileType = sourcecode.swift; path = NetworkManager.swift; sourceTree = "<group>"; };
		CBEC95AB2DB10F1400C0B28E /* AppSecrets.swift */ = {isa = PBXFileReference; lastKnownFileType = sourcecode.swift; path = AppSecrets.swift; sourceTree = "<group>"; };
		CBEC95AD2DB1103400C0B28E /* Constants.swift */ = {isa = PBXFileReference; lastKnownFileType = sourcecode.swift; path = Constants.swift; sourceTree = "<group>"; };
		CBEC95AF2DB111A800C0B28E /* CitiesVC.swift */ = {isa = PBXFileReference; lastKnownFileType = sourcecode.swift; path = CitiesVC.swift; sourceTree = "<group>"; };
		CBEC95B22DB11A2300C0B28E /* CitiesTVCell.swift */ = {isa = PBXFileReference; lastKnownFileType = sourcecode.swift; path = CitiesTVCell.swift; sourceTree = "<group>"; };
		CBEC95B32DB11A2300C0B28E /* CitiesTVCell.xib */ = {isa = PBXFileReference; lastKnownFileType = file.xib; path = CitiesTVCell.xib; sourceTree = "<group>"; };
		CBEC95B62DB11BB800C0B28E /* SearchVC.swift */ = {isa = PBXFileReference; lastKnownFileType = sourcecode.swift; path = SearchVC.swift; sourceTree = "<group>"; };
		CBEC95C32DB1276F00C0B28E /* Weather.swift */ = {isa = PBXFileReference; lastKnownFileType = sourcecode.swift; path = Weather.swift; sourceTree = "<group>"; };
		CBEC95C62DB128DE00C0B28E /* WeatherService.swift */ = {isa = PBXFileReference; lastKnownFileType = sourcecode.swift; path = WeatherService.swift; sourceTree = "<group>"; };
		CBEC95C92DB12A6600C0B28E /* WeatherViewModel.swift */ = {isa = PBXFileReference; lastKnownFileType = sourcecode.swift; path = WeatherViewModel.swift; sourceTree = "<group>"; };
		CBEC95CB2DB1305400C0B28E /* GenericModel.swift */ = {isa = PBXFileReference; lastKnownFileType = sourcecode.swift; path = GenericModel.swift; sourceTree = "<group>"; };
/* End PBXFileReference section */

/* Begin PBXFileSystemSynchronizedRootGroup section */
		CBEC95472DB100CD00C0B28E /* PlanRadar TaskTests */ = {
			isa = PBXFileSystemSynchronizedRootGroup;
			path = "PlanRadar TaskTests";
			sourceTree = "<group>";
		};
		CBEC95512DB100CD00C0B28E /* PlanRadar TaskUITests */ = {
			isa = PBXFileSystemSynchronizedRootGroup;
			path = "PlanRadar TaskUITests";
			sourceTree = "<group>";
		};
/* End PBXFileSystemSynchronizedRootGroup section */

/* Begin PBXFrameworksBuildPhase section */
		CBEC952B2DB100CB00C0B28E /* Frameworks */ = {
			isa = PBXFrameworksBuildPhase;
			buildActionMask = 2147483647;
			files = (
				CBEC95BC2DB1216100C0B28E /* RxSwift in Frameworks */,
				CBEC95BF2DB1259600C0B28E /* IQKeyboardManagerSwift in Frameworks */,
				CBEC95BA2DB1216100C0B28E /* RxCocoa in Frameworks */,
				CBEC95A62DB10A9D00C0B28E /* Alamofire in Frameworks */,
			);
			runOnlyForDeploymentPostprocessing = 0;
		};
		CBEC95412DB100CD00C0B28E /* Frameworks */ = {
			isa = PBXFrameworksBuildPhase;
			buildActionMask = 2147483647;
			files = (
			);
			runOnlyForDeploymentPostprocessing = 0;
		};
		CBEC954B2DB100CD00C0B28E /* Frameworks */ = {
			isa = PBXFrameworksBuildPhase;
			buildActionMask = 2147483647;
			files = (
			);
			runOnlyForDeploymentPostprocessing = 0;
		};
/* End PBXFrameworksBuildPhase section */

/* Begin PBXGroup section */
		CBEC95252DB100CB00C0B28E = {
			isa = PBXGroup;
			children = (
				CBEC95872DB1064A00C0B28E /* PlanRadar Task */,
				CBEC95472DB100CD00C0B28E /* PlanRadar TaskTests */,
				CBEC95512DB100CD00C0B28E /* PlanRadar TaskUITests */,
				CBEC952F2DB100CB00C0B28E /* Products */,
			);
			sourceTree = "<group>";
		};
		CBEC952F2DB100CB00C0B28E /* Products */ = {
			isa = PBXGroup;
			children = (
				CBEC952E2DB100CB00C0B28E /* PlanRadar Task.app */,
				CBEC95442DB100CD00C0B28E /* PlanRadar TaskTests.xctest */,
				CBEC954E2DB100CD00C0B28E /* PlanRadar TaskUITests.xctest */,
			);
			name = Products;
			sourceTree = "<group>";
		};
		CBEC957C2DB1064A00C0B28E /* Controllers */ = {
			isa = PBXGroup;
			children = (
				CBEC957B2DB1064A00C0B28E /* SplashVC.swift */,
				CBEC95AF2DB111A800C0B28E /* CitiesVC.swift */,
				CBEC95B62DB11BB800C0B28E /* SearchVC.swift */,
			);
			path = Controllers;
			sourceTree = "<group>";
		};
		CBEC957F2DB1064A00C0B28E /* Storyboards */ = {
			isa = PBXGroup;
			children = (
				CBEC957E2DB1064A00C0B28E /* Main.storyboard */,
			);
			path = Storyboards;
			sourceTree = "<group>";
		};
		CBEC95802DB1064A00C0B28E /* Views */ = {
			isa = PBXGroup;
			children = (
				CBEC95B12DB11A0200C0B28E /* Cells */,
				CBEC957F2DB1064A00C0B28E /* Storyboards */,
			);
			path = Views;
			sourceTree = "<group>";
		};
		CBEC95812DB1064A00C0B28E /* Presentation */ = {
			isa = PBXGroup;
			children = (
				CBEC957C2DB1064A00C0B28E /* Controllers */,
				CBEC95C82DB12A5300C0B28E /* ViewModels */,
				CBEC95802DB1064A00C0B28E /* Views */,
			);
			path = Presentation;
			sourceTree = "<group>";
		};
		CBEC95872DB1064A00C0B28E /* PlanRadar Task */ = {
			isa = PBXGroup;
			children = (
				CBEC95822DB1064A00C0B28E /* AppDelegate.swift */,
				CBEC95932DB1066700C0B28E /* Helper */,
				CBEC95A92DB10E8300C0B28E /* DataLayer  */,
				CBEC95C02DB1268E00C0B28E /* Domain */,
				CBEC95812DB1064A00C0B28E /* Presentation */,
				CBEC95832DB1064A00C0B28E /* Assets.xcassets */,
				CBEC95842DB1064A00C0B28E /* Info.plist */,
				CBEC95862DB1064A00C0B28E /* LaunchScreen.storyboard */,
			);
			path = "PlanRadar Task";
			sourceTree = "<group>";
		};
		CBEC95932DB1066700C0B28E /* Helper */ = {
			isa = PBXGroup;
			children = (
				CBEC95922DB1066700C0B28E /* Extensions.swift */,
				CBEC95AD2DB1103400C0B28E /* Constants.swift */,
				CBEC95AB2DB10F1400C0B28E /* AppSecrets.swift */,
			);
			path = Helper;
			sourceTree = "<group>";
		};
		CBEC95A82DB10E8300C0B28E /* Network */ = {
			isa = PBXGroup;
			children = (
				CBEC95A72DB10E8300C0B28E /* NetworkManager.swift */,
			);
			path = Network;
			sourceTree = "<group>";
		};
		CBEC95A92DB10E8300C0B28E /* DataLayer  */ = {
			isa = PBXGroup;
			children = (
				CBEC95A82DB10E8300C0B28E /* Network */,
				CBEC95C52DB128A700C0B28E /* Services */,
			);
			path = "DataLayer ";
			sourceTree = "<group>";
		};
		CBEC95B12DB11A0200C0B28E /* Cells */ = {
			isa = PBXGroup;
			children = (
				CBEC95B22DB11A2300C0B28E /* CitiesTVCell.swift */,
				CBEC95B32DB11A2300C0B28E /* CitiesTVCell.xib */,
			);
			path = Cells;
			sourceTree = "<group>";
		};
		CBEC95C02DB1268E00C0B28E /* Domain */ = {
			isa = PBXGroup;
			children = (
				CBEC95C12DB126D500C0B28E /* Entites */,
				CBEC95C22DB126DC00C0B28E /* UseCases */,
			);
			path = Domain;
			sourceTree = "<group>";
		};
		CBEC95C12DB126D500C0B28E /* Entites */ = {
			isa = PBXGroup;
			children = (
				CBEC95C32DB1276F00C0B28E /* Weather.swift */,
				CBEC95CB2DB1305400C0B28E /* GenericModel.swift */,
			);
			path = Entites;
			sourceTree = "<group>";
		};
		CBEC95C22DB126DC00C0B28E /* UseCases */ = {
			isa = PBXGroup;
			children = (
			);
			path = UseCases;
			sourceTree = "<group>";
		};
		CBEC95C52DB128A700C0B28E /* Services */ = {
			isa = PBXGroup;
			children = (
				CBEC95C62DB128DE00C0B28E /* WeatherService.swift */,
			);
			path = Services;
			sourceTree = "<group>";
		};
		CBEC95C82DB12A5300C0B28E /* ViewModels */ = {
			isa = PBXGroup;
			children = (
				CBEC95C92DB12A6600C0B28E /* WeatherViewModel.swift */,
			);
			path = ViewModels;
			sourceTree = "<group>";
		};
/* End PBXGroup section */

/* Begin PBXNativeTarget section */
		CBEC952D2DB100CB00C0B28E /* PlanRadar Task */ = {
			isa = PBXNativeTarget;
			buildConfigurationList = CBEC95572DB100CD00C0B28E /* Build configuration list for PBXNativeTarget "PlanRadar Task" */;
			buildPhases = (
				CBEC952A2DB100CB00C0B28E /* Sources */,
				CBEC952B2DB100CB00C0B28E /* Frameworks */,
				CBEC952C2DB100CB00C0B28E /* Resources */,
			);
			buildRules = (
			);
			dependencies = (
			);
			name = "PlanRadar Task";
			packageProductDependencies = (
				CBEC95A52DB10A9D00C0B28E /* Alamofire */,
				CBEC95B92DB1216100C0B28E /* RxCocoa */,
				CBEC95BB2DB1216100C0B28E /* RxSwift */,
				CBEC95BE2DB1259600C0B28E /* IQKeyboardManagerSwift */,
			);
			productName = "PlanRadar Task";
			productReference = CBEC952E2DB100CB00C0B28E /* PlanRadar Task.app */;
			productType = "com.apple.product-type.application";
		};
		CBEC95432DB100CD00C0B28E /* PlanRadar TaskTests */ = {
			isa = PBXNativeTarget;
			buildConfigurationList = CBEC955C2DB100CD00C0B28E /* Build configuration list for PBXNativeTarget "PlanRadar TaskTests" */;
			buildPhases = (
				CBEC95402DB100CD00C0B28E /* Sources */,
				CBEC95412DB100CD00C0B28E /* Frameworks */,
				CBEC95422DB100CD00C0B28E /* Resources */,
			);
			buildRules = (
			);
			dependencies = (
				CBEC95462DB100CD00C0B28E /* PBXTargetDependency */,
			);
			fileSystemSynchronizedGroups = (
				CBEC95472DB100CD00C0B28E /* PlanRadar TaskTests */,
			);
			name = "PlanRadar TaskTests";
			packageProductDependencies = (
			);
			productName = "PlanRadar TaskTests";
			productReference = CBEC95442DB100CD00C0B28E /* PlanRadar TaskTests.xctest */;
			productType = "com.apple.product-type.bundle.unit-test";
		};
		CBEC954D2DB100CD00C0B28E /* PlanRadar TaskUITests */ = {
			isa = PBXNativeTarget;
			buildConfigurationList = CBEC955F2DB100CD00C0B28E /* Build configuration list for PBXNativeTarget "PlanRadar TaskUITests" */;
			buildPhases = (
				CBEC954A2DB100CD00C0B28E /* Sources */,
				CBEC954B2DB100CD00C0B28E /* Frameworks */,
				CBEC954C2DB100CD00C0B28E /* Resources */,
			);
			buildRules = (
			);
			dependencies = (
				CBEC95502DB100CD00C0B28E /* PBXTargetDependency */,
			);
			fileSystemSynchronizedGroups = (
				CBEC95512DB100CD00C0B28E /* PlanRadar TaskUITests */,
			);
			name = "PlanRadar TaskUITests";
			packageProductDependencies = (
			);
			productName = "PlanRadar TaskUITests";
			productReference = CBEC954E2DB100CD00C0B28E /* PlanRadar TaskUITests.xctest */;
			productType = "com.apple.product-type.bundle.ui-testing";
		};
/* End PBXNativeTarget section */

/* Begin PBXProject section */
		CBEC95262DB100CB00C0B28E /* Project object */ = {
			isa = PBXProject;
			attributes = {
				BuildIndependentTargetsInParallel = 1;
				LastSwiftUpdateCheck = 1600;
				LastUpgradeCheck = 1600;
				TargetAttributes = {
					CBEC952D2DB100CB00C0B28E = {
						CreatedOnToolsVersion = 16.0;
					};
					CBEC95432DB100CD00C0B28E = {
						CreatedOnToolsVersion = 16.0;
						TestTargetID = CBEC952D2DB100CB00C0B28E;
					};
					CBEC954D2DB100CD00C0B28E = {
						CreatedOnToolsVersion = 16.0;
						TestTargetID = CBEC952D2DB100CB00C0B28E;
					};
				};
			};
			buildConfigurationList = CBEC95292DB100CB00C0B28E /* Build configuration list for PBXProject "PlanRadar Task" */;
			developmentRegion = en;
			hasScannedForEncodings = 0;
			knownRegions = (
				en,
				Base,
			);
			mainGroup = CBEC95252DB100CB00C0B28E;
			minimizedProjectReferenceProxies = 1;
			packageReferences = (
				CBEC95A42DB10A9D00C0B28E /* XCRemoteSwiftPackageReference "Alamofire" */,
				CBEC95B82DB1216100C0B28E /* XCRemoteSwiftPackageReference "RxSwift" */,
				CBEC95BD2DB1259600C0B28E /* XCRemoteSwiftPackageReference "IQKeyboardManager" */,
			);
			preferredProjectObjectVersion = 77;
			productRefGroup = CBEC952F2DB100CB00C0B28E /* Products */;
			projectDirPath = "";
			projectRoot = "";
			targets = (
				CBEC952D2DB100CB00C0B28E /* PlanRadar Task */,
				CBEC95432DB100CD00C0B28E /* PlanRadar TaskTests */,
				CBEC954D2DB100CD00C0B28E /* PlanRadar TaskUITests */,
			);
		};
/* End PBXProject section */

/* Begin PBXResourcesBuildPhase section */
		CBEC952C2DB100CB00C0B28E /* Resources */ = {
			isa = PBXResourcesBuildPhase;
			buildActionMask = 2147483647;
			files = (
				CBEC95B42DB11A2300C0B28E /* CitiesTVCell.xib in Resources */,
				CBEC958A2DB1064A00C0B28E /* Main.storyboard in Resources */,
				CBEC958B2DB1064A00C0B28E /* Assets.xcassets in Resources */,
				CBEC958D2DB1064A00C0B28E /* LaunchScreen.storyboard in Resources */,
			);
			runOnlyForDeploymentPostprocessing = 0;
		};
		CBEC95422DB100CD00C0B28E /* Resources */ = {
			isa = PBXResourcesBuildPhase;
			buildActionMask = 2147483647;
			files = (
			);
			runOnlyForDeploymentPostprocessing = 0;
		};
		CBEC954C2DB100CD00C0B28E /* Resources */ = {
			isa = PBXResourcesBuildPhase;
			buildActionMask = 2147483647;
			files = (
			);
			runOnlyForDeploymentPostprocessing = 0;
		};
/* End PBXResourcesBuildPhase section */

/* Begin PBXSourcesBuildPhase section */
		CBEC952A2DB100CB00C0B28E /* Sources */ = {
			isa = PBXSourcesBuildPhase;
			buildActionMask = 2147483647;
			files = (
				CBEC95B52DB11A2300C0B28E /* CitiesTVCell.swift in Sources */,
				CBEC95CA2DB12A6B00C0B28E /* WeatherViewModel.swift in Sources */,
				CBEC95AA2DB10E8300C0B28E /* NetworkManager.swift in Sources */,
				CBEC95C72DB128E400C0B28E /* WeatherService.swift in Sources */,
				CBEC95CC2DB1305700C0B28E /* GenericModel.swift in Sources */,
				CBEC95B02DB111A800C0B28E /* CitiesVC.swift in Sources */,
				CBEC95B72DB11BB800C0B28E /* SearchVC.swift in Sources */,
				CBEC95AE2DB1103600C0B28E /* Constants.swift in Sources */,
				CBEC95882DB1064A00C0B28E /* SplashVC.swift in Sources */,
				CBEC95C42DB1277400C0B28E /* Weather.swift in Sources */,
				CBEC95AC2DB10F2000C0B28E /* AppSecrets.swift in Sources */,
				CBEC95892DB1064A00C0B28E /* AppDelegate.swift in Sources */,
				CBEC95942DB1066700C0B28E /* Extensions.swift in Sources */,
			);
			runOnlyForDeploymentPostprocessing = 0;
		};
		CBEC95402DB100CD00C0B28E /* Sources */ = {
			isa = PBXSourcesBuildPhase;
			buildActionMask = 2147483647;
			files = (
			);
			runOnlyForDeploymentPostprocessing = 0;
		};
		CBEC954A2DB100CD00C0B28E /* Sources */ = {
			isa = PBXSourcesBuildPhase;
			buildActionMask = 2147483647;
			files = (
			);
			runOnlyForDeploymentPostprocessing = 0;
		};
/* End PBXSourcesBuildPhase section */

/* Begin PBXTargetDependency section */
		CBEC95462DB100CD00C0B28E /* PBXTargetDependency */ = {
			isa = PBXTargetDependency;
			target = CBEC952D2DB100CB00C0B28E /* PlanRadar Task */;
			targetProxy = CBEC95452DB100CD00C0B28E /* PBXContainerItemProxy */;
		};
		CBEC95502DB100CD00C0B28E /* PBXTargetDependency */ = {
			isa = PBXTargetDependency;
			target = CBEC952D2DB100CB00C0B28E /* PlanRadar Task */;
			targetProxy = CBEC954F2DB100CD00C0B28E /* PBXContainerItemProxy */;
		};
/* End PBXTargetDependency section */

/* Begin PBXVariantGroup section */
		CBEC957E2DB1064A00C0B28E /* Main.storyboard */ = {
			isa = PBXVariantGroup;
			children = (
				CBEC957D2DB1064A00C0B28E /* Base */,
			);
			name = Main.storyboard;
			sourceTree = "<group>";
		};
		CBEC95862DB1064A00C0B28E /* LaunchScreen.storyboard */ = {
			isa = PBXVariantGroup;
			children = (
				CBEC95852DB1064A00C0B28E /* Base */,
			);
			name = LaunchScreen.storyboard;
			sourceTree = "<group>";
		};
/* End PBXVariantGroup section */

/* Begin XCBuildConfiguration section */
		CBEC95582DB100CD00C0B28E /* Debug */ = {
			isa = XCBuildConfiguration;
			buildSettings = {
				ASSETCATALOG_COMPILER_APPICON_NAME = AppIcon;
				ASSETCATALOG_COMPILER_GLOBAL_ACCENT_COLOR_NAME = AccentColor;
				CODE_SIGN_STYLE = Automatic;
				CURRENT_PROJECT_VERSION = 1;
				DEVELOPMENT_TEAM = 24239CYBDQ;
				GENERATE_INFOPLIST_FILE = YES;
				INFOPLIST_FILE = "PlanRadar Task/Info.plist";
				INFOPLIST_KEY_UIApplicationSupportsIndirectInputEvents = YES;
				INFOPLIST_KEY_UILaunchStoryboardName = LaunchScreen;
				INFOPLIST_KEY_UIMainStoryboardFile = Main;
				INFOPLIST_KEY_UISupportedInterfaceOrientations_iPad = "UIInterfaceOrientationPortrait UIInterfaceOrientationPortraitUpsideDown UIInterfaceOrientationLandscapeLeft UIInterfaceOrientationLandscapeRight";
				INFOPLIST_KEY_UISupportedInterfaceOrientations_iPhone = "UIInterfaceOrientationPortrait UIInterfaceOrientationLandscapeLeft UIInterfaceOrientationLandscapeRight";
				LD_RUNPATH_SEARCH_PATHS = (
					"$(inherited)",
					"@executable_path/Frameworks",
				);
				MARKETING_VERSION = 1.0;
				PRODUCT_BUNDLE_IDENTIFIER = com.planradartask;
				PRODUCT_NAME = "$(TARGET_NAME)";
				SWIFT_EMIT_LOC_STRINGS = YES;
				SWIFT_VERSION = 5.0;
				TARGETED_DEVICE_FAMILY = "1,2";
			};
			name = Debug;
		};
		CBEC95592DB100CD00C0B28E /* Release */ = {
			isa = XCBuildConfiguration;
			buildSettings = {
				ASSETCATALOG_COMPILER_APPICON_NAME = AppIcon;
				ASSETCATALOG_COMPILER_GLOBAL_ACCENT_COLOR_NAME = AccentColor;
				CODE_SIGN_STYLE = Automatic;
				CURRENT_PROJECT_VERSION = 1;
				DEVELOPMENT_TEAM = 24239CYBDQ;
				GENERATE_INFOPLIST_FILE = YES;
				INFOPLIST_FILE = "PlanRadar Task/Info.plist";
				INFOPLIST_KEY_UIApplicationSupportsIndirectInputEvents = YES;
				INFOPLIST_KEY_UILaunchStoryboardName = LaunchScreen;
				INFOPLIST_KEY_UIMainStoryboardFile = Main;
				INFOPLIST_KEY_UISupportedInterfaceOrientations_iPad = "UIInterfaceOrientationPortrait UIInterfaceOrientationPortraitUpsideDown UIInterfaceOrientationLandscapeLeft UIInterfaceOrientationLandscapeRight";
				INFOPLIST_KEY_UISupportedInterfaceOrientations_iPhone = "UIInterfaceOrientationPortrait UIInterfaceOrientationLandscapeLeft UIInterfaceOrientationLandscapeRight";
				LD_RUNPATH_SEARCH_PATHS = (
					"$(inherited)",
					"@executable_path/Frameworks",
				);
				MARKETING_VERSION = 1.0;
				PRODUCT_BUNDLE_IDENTIFIER = com.planradartask;
				PRODUCT_NAME = "$(TARGET_NAME)";
				SWIFT_EMIT_LOC_STRINGS = YES;
				SWIFT_VERSION = 5.0;
				TARGETED_DEVICE_FAMILY = "1,2";
			};
			name = Release;
		};
		CBEC955A2DB100CD00C0B28E /* Debug */ = {
			isa = XCBuildConfiguration;
			buildSettings = {
				ALWAYS_SEARCH_USER_PATHS = NO;
				ASSETCATALOG_COMPILER_GENERATE_SWIFT_ASSET_SYMBOL_EXTENSIONS = YES;
				CLANG_ANALYZER_NONNULL = YES;
				CLANG_ANALYZER_NUMBER_OBJECT_CONVERSION = YES_AGGRESSIVE;
				CLANG_CXX_LANGUAGE_STANDARD = "gnu++20";
				CLANG_ENABLE_MODULES = YES;
				CLANG_ENABLE_OBJC_ARC = YES;
				CLANG_ENABLE_OBJC_WEAK = YES;
				CLANG_WARN_BLOCK_CAPTURE_AUTORELEASING = YES;
				CLANG_WARN_BOOL_CONVERSION = YES;
				CLANG_WARN_COMMA = YES;
				CLANG_WARN_CONSTANT_CONVERSION = YES;
				CLANG_WARN_DEPRECATED_OBJC_IMPLEMENTATIONS = YES;
				CLANG_WARN_DIRECT_OBJC_ISA_USAGE = YES_ERROR;
				CLANG_WARN_DOCUMENTATION_COMMENTS = YES;
				CLANG_WARN_EMPTY_BODY = YES;
				CLANG_WARN_ENUM_CONVERSION = YES;
				CLANG_WARN_INFINITE_RECURSION = YES;
				CLANG_WARN_INT_CONVERSION = YES;
				CLANG_WARN_NON_LITERAL_NULL_CONVERSION = YES;
				CLANG_WARN_OBJC_IMPLICIT_RETAIN_SELF = YES;
				CLANG_WARN_OBJC_LITERAL_CONVERSION = YES;
				CLANG_WARN_OBJC_ROOT_CLASS = YES_ERROR;
				CLANG_WARN_QUOTED_INCLUDE_IN_FRAMEWORK_HEADER = YES;
				CLANG_WARN_RANGE_LOOP_ANALYSIS = YES;
				CLANG_WARN_STRICT_PROTOTYPES = YES;
				CLANG_WARN_SUSPICIOUS_MOVE = YES;
				CLANG_WARN_UNGUARDED_AVAILABILITY = YES_AGGRESSIVE;
				CLANG_WARN_UNREACHABLE_CODE = YES;
				CLANG_WARN__DUPLICATE_METHOD_MATCH = YES;
				COPY_PHASE_STRIP = NO;
				DEBUG_INFORMATION_FORMAT = dwarf;
				ENABLE_STRICT_OBJC_MSGSEND = YES;
				ENABLE_TESTABILITY = YES;
				ENABLE_USER_SCRIPT_SANDBOXING = YES;
				GCC_C_LANGUAGE_STANDARD = gnu17;
				GCC_DYNAMIC_NO_PIC = NO;
				GCC_NO_COMMON_BLOCKS = YES;
				GCC_OPTIMIZATION_LEVEL = 0;
				GCC_PREPROCESSOR_DEFINITIONS = (
					"DEBUG=1",
					"$(inherited)",
				);
				GCC_WARN_64_TO_32_BIT_CONVERSION = YES;
				GCC_WARN_ABOUT_RETURN_TYPE = YES_ERROR;
				GCC_WARN_UNDECLARED_SELECTOR = YES;
				GCC_WARN_UNINITIALIZED_AUTOS = YES_AGGRESSIVE;
				GCC_WARN_UNUSED_FUNCTION = YES;
				GCC_WARN_UNUSED_VARIABLE = YES;
				IPHONEOS_DEPLOYMENT_TARGET = 18.0;
				LOCALIZATION_PREFERS_STRING_CATALOGS = YES;
				MTL_ENABLE_DEBUG_INFO = INCLUDE_SOURCE;
				MTL_FAST_MATH = YES;
				ONLY_ACTIVE_ARCH = YES;
				SDKROOT = iphoneos;
				SWIFT_ACTIVE_COMPILATION_CONDITIONS = "DEBUG $(inherited)";
				SWIFT_OPTIMIZATION_LEVEL = "-Onone";
			};
			name = Debug;
		};
		CBEC955B2DB100CD00C0B28E /* Release */ = {
			isa = XCBuildConfiguration;
			buildSettings = {
				ALWAYS_SEARCH_USER_PATHS = NO;
				ASSETCATALOG_COMPILER_GENERATE_SWIFT_ASSET_SYMBOL_EXTENSIONS = YES;
				CLANG_ANALYZER_NONNULL = YES;
				CLANG_ANALYZER_NUMBER_OBJECT_CONVERSION = YES_AGGRESSIVE;
				CLANG_CXX_LANGUAGE_STANDARD = "gnu++20";
				CLANG_ENABLE_MODULES = YES;
				CLANG_ENABLE_OBJC_ARC = YES;
				CLANG_ENABLE_OBJC_WEAK = YES;
				CLANG_WARN_BLOCK_CAPTURE_AUTORELEASING = YES;
				CLANG_WARN_BOOL_CONVERSION = YES;
				CLANG_WARN_COMMA = YES;
				CLANG_WARN_CONSTANT_CONVERSION = YES;
				CLANG_WARN_DEPRECATED_OBJC_IMPLEMENTATIONS = YES;
				CLANG_WARN_DIRECT_OBJC_ISA_USAGE = YES_ERROR;
				CLANG_WARN_DOCUMENTATION_COMMENTS = YES;
				CLANG_WARN_EMPTY_BODY = YES;
				CLANG_WARN_ENUM_CONVERSION = YES;
				CLANG_WARN_INFINITE_RECURSION = YES;
				CLANG_WARN_INT_CONVERSION = YES;
				CLANG_WARN_NON_LITERAL_NULL_CONVERSION = YES;
				CLANG_WARN_OBJC_IMPLICIT_RETAIN_SELF = YES;
				CLANG_WARN_OBJC_LITERAL_CONVERSION = YES;
				CLANG_WARN_OBJC_ROOT_CLASS = YES_ERROR;
				CLANG_WARN_QUOTED_INCLUDE_IN_FRAMEWORK_HEADER = YES;
				CLANG_WARN_RANGE_LOOP_ANALYSIS = YES;
				CLANG_WARN_STRICT_PROTOTYPES = YES;
				CLANG_WARN_SUSPICIOUS_MOVE = YES;
				CLANG_WARN_UNGUARDED_AVAILABILITY = YES_AGGRESSIVE;
				CLANG_WARN_UNREACHABLE_CODE = YES;
				CLANG_WARN__DUPLICATE_METHOD_MATCH = YES;
				COPY_PHASE_STRIP = NO;
				DEBUG_INFORMATION_FORMAT = "dwarf-with-dsym";
				ENABLE_NS_ASSERTIONS = NO;
				ENABLE_STRICT_OBJC_MSGSEND = YES;
				ENABLE_USER_SCRIPT_SANDBOXING = YES;
				GCC_C_LANGUAGE_STANDARD = gnu17;
				GCC_NO_COMMON_BLOCKS = YES;
				GCC_WARN_64_TO_32_BIT_CONVERSION = YES;
				GCC_WARN_ABOUT_RETURN_TYPE = YES_ERROR;
				GCC_WARN_UNDECLARED_SELECTOR = YES;
				GCC_WARN_UNINITIALIZED_AUTOS = YES_AGGRESSIVE;
				GCC_WARN_UNUSED_FUNCTION = YES;
				GCC_WARN_UNUSED_VARIABLE = YES;
				IPHONEOS_DEPLOYMENT_TARGET = 18.0;
				LOCALIZATION_PREFERS_STRING_CATALOGS = YES;
				MTL_ENABLE_DEBUG_INFO = NO;
				MTL_FAST_MATH = YES;
				SDKROOT = iphoneos;
				SWIFT_COMPILATION_MODE = wholemodule;
				VALIDATE_PRODUCT = YES;
			};
			name = Release;
		};
		CBEC955D2DB100CD00C0B28E /* Debug */ = {
			isa = XCBuildConfiguration;
			buildSettings = {
				BUNDLE_LOADER = "$(TEST_HOST)";
				CODE_SIGN_STYLE = Automatic;
				CURRENT_PROJECT_VERSION = 1;
				DEVELOPMENT_TEAM = 24239CYBDQ;
				GENERATE_INFOPLIST_FILE = YES;
				IPHONEOS_DEPLOYMENT_TARGET = 18.0;
				MARKETING_VERSION = 1.0;
				PRODUCT_BUNDLE_IDENTIFIER = "com.PlanRadar-TaskTests";
				PRODUCT_NAME = "$(TARGET_NAME)";
				SWIFT_EMIT_LOC_STRINGS = NO;
				SWIFT_VERSION = 5.0;
				TARGETED_DEVICE_FAMILY = "1,2";
				TEST_HOST = "$(BUILT_PRODUCTS_DIR)/PlanRadar Task.app/$(BUNDLE_EXECUTABLE_FOLDER_PATH)/PlanRadar Task";
			};
			name = Debug;
		};
		CBEC955E2DB100CD00C0B28E /* Release */ = {
			isa = XCBuildConfiguration;
			buildSettings = {
				BUNDLE_LOADER = "$(TEST_HOST)";
				CODE_SIGN_STYLE = Automatic;
				CURRENT_PROJECT_VERSION = 1;
				DEVELOPMENT_TEAM = 24239CYBDQ;
				GENERATE_INFOPLIST_FILE = YES;
				IPHONEOS_DEPLOYMENT_TARGET = 18.0;
				MARKETING_VERSION = 1.0;
				PRODUCT_BUNDLE_IDENTIFIER = "com.PlanRadar-TaskTests";
				PRODUCT_NAME = "$(TARGET_NAME)";
				SWIFT_EMIT_LOC_STRINGS = NO;
				SWIFT_VERSION = 5.0;
				TARGETED_DEVICE_FAMILY = "1,2";
				TEST_HOST = "$(BUILT_PRODUCTS_DIR)/PlanRadar Task.app/$(BUNDLE_EXECUTABLE_FOLDER_PATH)/PlanRadar Task";
			};
			name = Release;
		};
		CBEC95602DB100CD00C0B28E /* Debug */ = {
			isa = XCBuildConfiguration;
			buildSettings = {
				CODE_SIGN_STYLE = Automatic;
				CURRENT_PROJECT_VERSION = 1;
				DEVELOPMENT_TEAM = 24239CYBDQ;
				GENERATE_INFOPLIST_FILE = YES;
				MARKETING_VERSION = 1.0;
				PRODUCT_BUNDLE_IDENTIFIER = "com.PlanRadar-TaskUITests";
				PRODUCT_NAME = "$(TARGET_NAME)";
				SWIFT_EMIT_LOC_STRINGS = NO;
				SWIFT_VERSION = 5.0;
				TARGETED_DEVICE_FAMILY = "1,2";
				TEST_TARGET_NAME = "PlanRadar Task";
			};
			name = Debug;
		};
		CBEC95612DB100CD00C0B28E /* Release */ = {
			isa = XCBuildConfiguration;
			buildSettings = {
				CODE_SIGN_STYLE = Automatic;
				CURRENT_PROJECT_VERSION = 1;
				DEVELOPMENT_TEAM = 24239CYBDQ;
				GENERATE_INFOPLIST_FILE = YES;
				MARKETING_VERSION = 1.0;
				PRODUCT_BUNDLE_IDENTIFIER = "com.PlanRadar-TaskUITests";
				PRODUCT_NAME = "$(TARGET_NAME)";
				SWIFT_EMIT_LOC_STRINGS = NO;
				SWIFT_VERSION = 5.0;
				TARGETED_DEVICE_FAMILY = "1,2";
				TEST_TARGET_NAME = "PlanRadar Task";
			};
			name = Release;
		};
/* End XCBuildConfiguration section */

/* Begin XCConfigurationList section */
		CBEC95292DB100CB00C0B28E /* Build configuration list for PBXProject "PlanRadar Task" */ = {
			isa = XCConfigurationList;
			buildConfigurations = (
				CBEC955A2DB100CD00C0B28E /* Debug */,
				CBEC955B2DB100CD00C0B28E /* Release */,
			);
			defaultConfigurationIsVisible = 0;
			defaultConfigurationName = Release;
		};
		CBEC95572DB100CD00C0B28E /* Build configuration list for PBXNativeTarget "PlanRadar Task" */ = {
			isa = XCConfigurationList;
			buildConfigurations = (
				CBEC95582DB100CD00C0B28E /* Debug */,
				CBEC95592DB100CD00C0B28E /* Release */,
			);
			defaultConfigurationIsVisible = 0;
			defaultConfigurationName = Release;
		};
		CBEC955C2DB100CD00C0B28E /* Build configuration list for PBXNativeTarget "PlanRadar TaskTests" */ = {
			isa = XCConfigurationList;
			buildConfigurations = (
				CBEC955D2DB100CD00C0B28E /* Debug */,
				CBEC955E2DB100CD00C0B28E /* Release */,
			);
			defaultConfigurationIsVisible = 0;
			defaultConfigurationName = Release;
		};
		CBEC955F2DB100CD00C0B28E /* Build configuration list for PBXNativeTarget "PlanRadar TaskUITests" */ = {
			isa = XCConfigurationList;
			buildConfigurations = (
				CBEC95602DB100CD00C0B28E /* Debug */,
				CBEC95612DB100CD00C0B28E /* Release */,
			);
			defaultConfigurationIsVisible = 0;
			defaultConfigurationName = Release;
		};
/* End XCConfigurationList section */

/* Begin XCRemoteSwiftPackageReference section */
		CBEC95A42DB10A9D00C0B28E /* XCRemoteSwiftPackageReference "Alamofire" */ = {
			isa = XCRemoteSwiftPackageReference;
			repositoryURL = "https://github.com/Alamofire/Alamofire.git";
			requirement = {
				kind = upToNextMajorVersion;
				minimumVersion = 5.10.2;
			};
		};
		CBEC95B82DB1216100C0B28E /* XCRemoteSwiftPackageReference "RxSwift" */ = {
			isa = XCRemoteSwiftPackageReference;
			repositoryURL = "https://github.com/ReactiveX/RxSwift.git";
			requirement = {
				kind = upToNextMajorVersion;
				minimumVersion = 6.9.0;
			};
		};
		CBEC95BD2DB1259600C0B28E /* XCRemoteSwiftPackageReference "IQKeyboardManager" */ = {
			isa = XCRemoteSwiftPackageReference;
			repositoryURL = "https://github.com/hackiftekhar/IQKeyboardManager.git";
			requirement = {
				kind = upToNextMajorVersion;
				minimumVersion = 8.0.1;
			};
		};
/* End XCRemoteSwiftPackageReference section */

/* Begin XCSwiftPackageProductDependency section */
		CBEC95A52DB10A9D00C0B28E /* Alamofire */ = {
			isa = XCSwiftPackageProductDependency;
			package = CBEC95A42DB10A9D00C0B28E /* XCRemoteSwiftPackageReference "Alamofire" */;
			productName = Alamofire;
		};
		CBEC95B92DB1216100C0B28E /* RxCocoa */ = {
			isa = XCSwiftPackageProductDependency;
			package = CBEC95B82DB1216100C0B28E /* XCRemoteSwiftPackageReference "RxSwift" */;
			productName = RxCocoa;
		};
		CBEC95BB2DB1216100C0B28E /* RxSwift */ = {
			isa = XCSwiftPackageProductDependency;
			package = CBEC95B82DB1216100C0B28E /* XCRemoteSwiftPackageReference "RxSwift" */;
			productName = RxSwift;
		};
		CBEC95BE2DB1259600C0B28E /* IQKeyboardManagerSwift */ = {
			isa = XCSwiftPackageProductDependency;
			package = CBEC95BD2DB1259600C0B28E /* XCRemoteSwiftPackageReference "IQKeyboardManager" */;
			productName = IQKeyboardManagerSwift;
		};
/* End XCSwiftPackageProductDependency section */
	};
	rootObject = CBEC95262DB100CB00C0B28E /* Project object */;
}
